
Microsoft Visual Studio Solution File, Format Version 12.00
# Visual Studio Version 16
VisualStudioVersion = 16.0.31005.135
MinimumVisualStudioVersion = 10.0.40219.1
Project("{FAE04EC0-301F-11D3-BF4B-00C04F79EFBC}") = "hastaaa", "hastaaa.csproj", "{77077B4F-8DDA-4F41-B5D6-2B27D70B795C}"
EndProject
Global
	GlobalSection(SolutionConfigurationPlatforms) = preSolution
		Debug|Any CPU = Debug|Any CPU
		Release|Any CPU = Release|Any CPU
	EndGlobalSection
	GlobalSection(ProjectConfigurationPlatforms) = postSolution
		{77077B4F-8DDA-4F41-B5D6-2B27D70B795C}.Debug|Any CPU.ActiveCfg = Debug|Any CPU
		{77077B4F-8DDA-4F41-B5D6-2B27D70B795C}.Debug|Any CPU.Build.0 = Debug|Any CPU
		{77077B4F-8DDA-4F41-B5D6-2B27D70B795C}.Release|Any CPU.ActiveCfg = Release|Any CPU
		{77077B4F-8DDA-4F41-B5D6-2B27D70B795C}.Release|Any CPU.Build.0 = Release|Any CPU
	EndGlobalSection
	GlobalSection(SolutionProperties) = preSolution
		HideSolutionNode = FALSE
	EndGlobalSection
	GlobalSection(ExtensibilityGlobals) = postSolution
		SolutionGuid = {8335D79B-0E58-4E34-AA21-48354B1249A3}
	EndGlobalSection
EndGlobal
